
Microsoft Visual Studio Solution File, Format Version 12.00
# Visual Studio 2013
VisualStudioVersion = 12.0.30501.0
MinimumVisualStudioVersion = 10.0.40219.1
Project("{FAE04EC0-301F-11D3-BF4B-00C04F79EFBC}") = "MySynopsis.Android", "MySynopsis.Android\MySynopsis.Android.csproj", "{7DCA7B12-AA4A-4202-9BAE-622640AD0158}"
EndProject
Project("{FAE04EC0-301F-11D3-BF4B-00C04F79EFBC}") = "MySynopsis.iOS", "MySynopsis.iOS\MySynopsis.iOS.csproj", "{F316DD9E-8D5B-4088-8E23-0164D793C517}"
EndProject
Project("{FAE04EC0-301F-11D3-BF4B-00C04F79EFBC}") = "MySynopsis.UI", "MySynopsis.UI\MySynopsis.UI.csproj", "{933F0238-7B3C-4134-98BE-D1720FBFB1CC}"
EndProject
Project("{FAE04EC0-301F-11D3-BF4B-00C04F79EFBC}") = "MySynopsis.BusinessLogic", "MySynopsis.BusinessLogic\MySynopsis.BusinessLogic.csproj", "{F98B4244-518B-4D7F-9D92-967640359AB3}"
EndProject
Project("{FAE04EC0-301F-11D3-BF4B-00C04F79EFBC}") = "MySynopsis.BusinessLogic.Tests", "MySynopsis.BusinessLogic.Tests\MySynopsis.BusinessLogic.Tests.csproj", "{5AEE62B7-F07B-41C3-8BD8-721BC21F05E3}"
EndProject
Project("{FAE04EC0-301F-11D3-BF4B-00C04F79EFBC}") = "MySynopsis.BusinessLogic.Mocks", "MySynopsis.BusinessLogic.Mocks\MySynopsis.BusinessLogic.Mocks.csproj", "{4537D704-8F30-4ABA-BC86-3AA24DCC38EB}"
EndProject
Global
	GlobalSection(SolutionConfigurationPlatforms) = preSolution
		Ad-Hoc|Any CPU = Ad-Hoc|Any CPU
		Ad-Hoc|iPhone = Ad-Hoc|iPhone
		Ad-Hoc|iPhoneSimulator = Ad-Hoc|iPhoneSimulator
		Ad-Hoc|Mixed Platforms = Ad-Hoc|Mixed Platforms
		AppStore|Any CPU = AppStore|Any CPU
		AppStore|iPhone = AppStore|iPhone
		AppStore|iPhoneSimulator = AppStore|iPhoneSimulator
		AppStore|Mixed Platforms = AppStore|Mixed Platforms
		Debug|Any CPU = Debug|Any CPU
		Debug|iPhone = Debug|iPhone
		Debug|iPhoneSimulator = Debug|iPhoneSimulator
		Debug|Mixed Platforms = Debug|Mixed Platforms
		Release|Any CPU = Release|Any CPU
		Release|iPhone = Release|iPhone
		Release|iPhoneSimulator = Release|iPhoneSimulator
		Release|Mixed Platforms = Release|Mixed Platforms
	EndGlobalSection
	GlobalSection(ProjectConfigurationPlatforms) = postSolution
		{7DCA7B12-AA4A-4202-9BAE-622640AD0158}.Ad-Hoc|Any CPU.ActiveCfg = Release|Any CPU
		{7DCA7B12-AA4A-4202-9BAE-622640AD0158}.Ad-Hoc|Any CPU.Build.0 = Release|Any CPU
		{7DCA7B12-AA4A-4202-9BAE-622640AD0158}.Ad-Hoc|Any CPU.Deploy.0 = Release|Any CPU
		{7DCA7B12-AA4A-4202-9BAE-622640AD0158}.Ad-Hoc|iPhone.ActiveCfg = Release|Any CPU
		{7DCA7B12-AA4A-4202-9BAE-622640AD0158}.Ad-Hoc|iPhoneSimulator.ActiveCfg = Release|Any CPU
		{7DCA7B12-AA4A-4202-9BAE-622640AD0158}.Ad-Hoc|Mixed Platforms.ActiveCfg = Release|Any CPU
		{7DCA7B12-AA4A-4202-9BAE-622640AD0158}.Ad-Hoc|Mixed Platforms.Build.0 = Release|Any CPU
		{7DCA7B12-AA4A-4202-9BAE-622640AD0158}.Ad-Hoc|Mixed Platforms.Deploy.0 = Release|Any CPU
		{7DCA7B12-AA4A-4202-9BAE-622640AD0158}.AppStore|Any CPU.ActiveCfg = Release|Any CPU
		{7DCA7B12-AA4A-4202-9BAE-622640AD0158}.AppStore|Any CPU.Build.0 = Release|Any CPU
		{7DCA7B12-AA4A-4202-9BAE-622640AD0158}.AppStore|Any CPU.Deploy.0 = Release|Any CPU
		{7DCA7B12-AA4A-4202-9BAE-622640AD0158}.AppStore|iPhone.ActiveCfg = Release|Any CPU
		{7DCA7B12-AA4A-4202-9BAE-622640AD0158}.AppStore|iPhoneSimulator.ActiveCfg = Release|Any CPU
		{7DCA7B12-AA4A-4202-9BAE-622640AD0158}.AppStore|Mixed Platforms.ActiveCfg = Release|Any CPU
		{7DCA7B12-AA4A-4202-9BAE-622640AD0158}.AppStore|Mixed Platforms.Build.0 = Release|Any CPU
		{7DCA7B12-AA4A-4202-9BAE-622640AD0158}.AppStore|Mixed Platforms.Deploy.0 = Release|Any CPU
		{7DCA7B12-AA4A-4202-9BAE-622640AD0158}.Debug|Any CPU.ActiveCfg = Debug|Any CPU
		{7DCA7B12-AA4A-4202-9BAE-622640AD0158}.Debug|Any CPU.Build.0 = Debug|Any CPU
		{7DCA7B12-AA4A-4202-9BAE-622640AD0158}.Debug|Any CPU.Deploy.0 = Debug|Any CPU
		{7DCA7B12-AA4A-4202-9BAE-622640AD0158}.Debug|iPhone.ActiveCfg = Debug|Any CPU
		{7DCA7B12-AA4A-4202-9BAE-622640AD0158}.Debug|iPhoneSimulator.ActiveCfg = Debug|Any CPU
		{7DCA7B12-AA4A-4202-9BAE-622640AD0158}.Debug|Mixed Platforms.ActiveCfg = Debug|Any CPU
		{7DCA7B12-AA4A-4202-9BAE-622640AD0158}.Debug|Mixed Platforms.Build.0 = Debug|Any CPU
		{7DCA7B12-AA4A-4202-9BAE-622640AD0158}.Debug|Mixed Platforms.Deploy.0 = Debug|Any CPU
		{7DCA7B12-AA4A-4202-9BAE-622640AD0158}.Release|Any CPU.ActiveCfg = Release|Any CPU
		{7DCA7B12-AA4A-4202-9BAE-622640AD0158}.Release|Any CPU.Build.0 = Release|Any CPU
		{7DCA7B12-AA4A-4202-9BAE-622640AD0158}.Release|Any CPU.Deploy.0 = Release|Any CPU
		{7DCA7B12-AA4A-4202-9BAE-622640AD0158}.Release|iPhone.ActiveCfg = Release|Any CPU
		{7DCA7B12-AA4A-4202-9BAE-622640AD0158}.Release|iPhoneSimulator.ActiveCfg = Release|Any CPU
		{7DCA7B12-AA4A-4202-9BAE-622640AD0158}.Release|Mixed Platforms.ActiveCfg = Release|Any CPU
		{7DCA7B12-AA4A-4202-9BAE-622640AD0158}.Release|Mixed Platforms.Build.0 = Release|Any CPU
		{7DCA7B12-AA4A-4202-9BAE-622640AD0158}.Release|Mixed Platforms.Deploy.0 = Release|Any CPU
		{F316DD9E-8D5B-4088-8E23-0164D793C517}.Ad-Hoc|Any CPU.ActiveCfg = Ad-Hoc|iPhone
		{F316DD9E-8D5B-4088-8E23-0164D793C517}.Ad-Hoc|iPhone.ActiveCfg = Ad-Hoc|iPhone
		{F316DD9E-8D5B-4088-8E23-0164D793C517}.Ad-Hoc|iPhone.Build.0 = Ad-Hoc|iPhone
		{F316DD9E-8D5B-4088-8E23-0164D793C517}.Ad-Hoc|iPhoneSimulator.ActiveCfg = Ad-Hoc|iPhoneSimulator
		{F316DD9E-8D5B-4088-8E23-0164D793C517}.Ad-Hoc|iPhoneSimulator.Build.0 = Ad-Hoc|iPhoneSimulator
		{F316DD9E-8D5B-4088-8E23-0164D793C517}.Ad-Hoc|Mixed Platforms.ActiveCfg = Ad-Hoc|iPhone
		{F316DD9E-8D5B-4088-8E23-0164D793C517}.Ad-Hoc|Mixed Platforms.Build.0 = Ad-Hoc|iPhone
		{F316DD9E-8D5B-4088-8E23-0164D793C517}.AppStore|Any CPU.ActiveCfg = AppStore|iPhone
		{F316DD9E-8D5B-4088-8E23-0164D793C517}.AppStore|iPhone.ActiveCfg = AppStore|iPhone
		{F316DD9E-8D5B-4088-8E23-0164D793C517}.AppStore|iPhone.Build.0 = AppStore|iPhone
		{F316DD9E-8D5B-4088-8E23-0164D793C517}.AppStore|iPhoneSimulator.ActiveCfg = AppStore|iPhoneSimulator
		{F316DD9E-8D5B-4088-8E23-0164D793C517}.AppStore|iPhoneSimulator.Build.0 = AppStore|iPhoneSimulator
		{F316DD9E-8D5B-4088-8E23-0164D793C517}.AppStore|Mixed Platforms.ActiveCfg = AppStore|iPhone
		{F316DD9E-8D5B-4088-8E23-0164D793C517}.AppStore|Mixed Platforms.Build.0 = AppStore|iPhone
		{F316DD9E-8D5B-4088-8E23-0164D793C517}.Debug|Any CPU.ActiveCfg = Debug|iPhone
		{F316DD9E-8D5B-4088-8E23-0164D793C517}.Debug|iPhone.ActiveCfg = Debug|iPhone
		{F316DD9E-8D5B-4088-8E23-0164D793C517}.Debug|iPhone.Build.0 = Debug|iPhone
		{F316DD9E-8D5B-4088-8E23-0164D793C517}.Debug|iPhone.Deploy.0 = Debug|iPhone
		{F316DD9E-8D5B-4088-8E23-0164D793C517}.Debug|iPhoneSimulator.ActiveCfg = Debug|iPhoneSimulator
		{F316DD9E-8D5B-4088-8E23-0164D793C517}.Debug|iPhoneSimulator.Build.0 = Debug|iPhoneSimulator
		{F316DD9E-8D5B-4088-8E23-0164D793C517}.Debug|Mixed Platforms.ActiveCfg = Debug|iPhone
		{F316DD9E-8D5B-4088-8E23-0164D793C517}.Debug|Mixed Platforms.Build.0 = Debug|iPhone
		{F316DD9E-8D5B-4088-8E23-0164D793C517}.Debug|Mixed Platforms.Deploy.0 = Debug|iPhone
		{F316DD9E-8D5B-4088-8E23-0164D793C517}.Release|Any CPU.ActiveCfg = Release|iPhone
		{F316DD9E-8D5B-4088-8E23-0164D793C517}.Release|iPhone.ActiveCfg = Release|iPhone
		{F316DD9E-8D5B-4088-8E23-0164D793C517}.Release|iPhone.Build.0 = Release|iPhone
		{F316DD9E-8D5B-4088-8E23-0164D793C517}.Release|iPhoneSimulator.ActiveCfg = Release|iPhoneSimulator
		{F316DD9E-8D5B-4088-8E23-0164D793C517}.Release|iPhoneSimulator.Build.0 = Release|iPhoneSimulator
		{F316DD9E-8D5B-4088-8E23-0164D793C517}.Release|Mixed Platforms.ActiveCfg = Release|iPhone
		{F316DD9E-8D5B-4088-8E23-0164D793C517}.Release|Mixed Platforms.Build.0 = Release|iPhone
		{933F0238-7B3C-4134-98BE-D1720FBFB1CC}.Ad-Hoc|Any CPU.ActiveCfg = Release|Any CPU
		{933F0238-7B3C-4134-98BE-D1720FBFB1CC}.Ad-Hoc|Any CPU.Build.0 = Release|Any CPU
		{933F0238-7B3C-4134-98BE-D1720FBFB1CC}.Ad-Hoc|iPhone.ActiveCfg = Release|Any CPU
		{933F0238-7B3C-4134-98BE-D1720FBFB1CC}.Ad-Hoc|iPhoneSimulator.ActiveCfg = Release|Any CPU
		{933F0238-7B3C-4134-98BE-D1720FBFB1CC}.Ad-Hoc|Mixed Platforms.ActiveCfg = Release|Any CPU
		{933F0238-7B3C-4134-98BE-D1720FBFB1CC}.Ad-Hoc|Mixed Platforms.Build.0 = Release|Any CPU
		{933F0238-7B3C-4134-98BE-D1720FBFB1CC}.AppStore|Any CPU.ActiveCfg = Release|Any CPU
		{933F0238-7B3C-4134-98BE-D1720FBFB1CC}.AppStore|Any CPU.Build.0 = Release|Any CPU
		{933F0238-7B3C-4134-98BE-D1720FBFB1CC}.AppStore|iPhone.ActiveCfg = Release|Any CPU
		{933F0238-7B3C-4134-98BE-D1720FBFB1CC}.AppStore|iPhoneSimulator.ActiveCfg = Release|Any CPU
		{933F0238-7B3C-4134-98BE-D1720FBFB1CC}.AppStore|Mixed Platforms.ActiveCfg = Release|Any CPU
		{933F0238-7B3C-4134-98BE-D1720FBFB1CC}.AppStore|Mixed Platforms.Build.0 = Release|Any CPU
		{933F0238-7B3C-4134-98BE-D1720FBFB1CC}.Debug|Any CPU.ActiveCfg = Debug|Any CPU
		{933F0238-7B3C-4134-98BE-D1720FBFB1CC}.Debug|Any CPU.Build.0 = Debug|Any CPU
		{933F0238-7B3C-4134-98BE-D1720FBFB1CC}.Debug|iPhone.ActiveCfg = Debug|Any CPU
		{933F0238-7B3C-4134-98BE-D1720FBFB1CC}.Debug|iPhoneSimulator.ActiveCfg = Debug|Any CPU
		{933F0238-7B3C-4134-98BE-D1720FBFB1CC}.Debug|Mixed Platforms.ActiveCfg = Debug|Any CPU
		{933F0238-7B3C-4134-98BE-D1720FBFB1CC}.Debug|Mixed Platforms.Build.0 = Debug|Any CPU
		{933F0238-7B3C-4134-98BE-D1720FBFB1CC}.Release|Any CPU.ActiveCfg = Release|Any CPU
		{933F0238-7B3C-4134-98BE-D1720FBFB1CC}.Release|Any CPU.Build.0 = Release|Any CPU
		{933F0238-7B3C-4134-98BE-D1720FBFB1CC}.Release|iPhone.ActiveCfg = Release|Any CPU
		{933F0238-7B3C-4134-98BE-D1720FBFB1CC}.Release|iPhoneSimulator.ActiveCfg = Release|Any CPU
		{933F0238-7B3C-4134-98BE-D1720FBFB1CC}.Release|Mixed Platforms.ActiveCfg = Release|Any CPU
		{933F0238-7B3C-4134-98BE-D1720FBFB1CC}.Release|Mixed Platforms.Build.0 = Release|Any CPU
		{F98B4244-518B-4D7F-9D92-967640359AB3}.Ad-Hoc|Any CPU.ActiveCfg = Release|Any CPU
		{F98B4244-518B-4D7F-9D92-967640359AB3}.Ad-Hoc|Any CPU.Build.0 = Release|Any CPU
		{F98B4244-518B-4D7F-9D92-967640359AB3}.Ad-Hoc|iPhone.ActiveCfg = Release|Any CPU
		{F98B4244-518B-4D7F-9D92-967640359AB3}.Ad-Hoc|iPhoneSimulator.ActiveCfg = Release|Any CPU
		{F98B4244-518B-4D7F-9D92-967640359AB3}.Ad-Hoc|Mixed Platforms.ActiveCfg = Release|Any CPU
		{F98B4244-518B-4D7F-9D92-967640359AB3}.Ad-Hoc|Mixed Platforms.Build.0 = Release|Any CPU
		{F98B4244-518B-4D7F-9D92-967640359AB3}.AppStore|Any CPU.ActiveCfg = Release|Any CPU
		{F98B4244-518B-4D7F-9D92-967640359AB3}.AppStore|Any CPU.Build.0 = Release|Any CPU
		{F98B4244-518B-4D7F-9D92-967640359AB3}.AppStore|iPhone.ActiveCfg = Release|Any CPU
		{F98B4244-518B-4D7F-9D92-967640359AB3}.AppStore|iPhoneSimulator.ActiveCfg = Release|Any CPU
		{F98B4244-518B-4D7F-9D92-967640359AB3}.AppStore|Mixed Platforms.ActiveCfg = Release|Any CPU
		{F98B4244-518B-4D7F-9D92-967640359AB3}.AppStore|Mixed Platforms.Build.0 = Release|Any CPU
		{F98B4244-518B-4D7F-9D92-967640359AB3}.Debug|Any CPU.ActiveCfg = Debug|Any CPU
		{F98B4244-518B-4D7F-9D92-967640359AB3}.Debug|Any CPU.Build.0 = Debug|Any CPU
		{F98B4244-518B-4D7F-9D92-967640359AB3}.Debug|iPhone.ActiveCfg = Debug|Any CPU
		{F98B4244-518B-4D7F-9D92-967640359AB3}.Debug|iPhoneSimulator.ActiveCfg = Debug|Any CPU
		{F98B4244-518B-4D7F-9D92-967640359AB3}.Debug|Mixed Platforms.ActiveCfg = Debug|Any CPU
		{F98B4244-518B-4D7F-9D92-967640359AB3}.Debug|Mixed Platforms.Build.0 = Debug|Any CPU
		{F98B4244-518B-4D7F-9D92-967640359AB3}.Release|Any CPU.ActiveCfg = Release|Any CPU
		{F98B4244-518B-4D7F-9D92-967640359AB3}.Release|Any CPU.Build.0 = Release|Any CPU
		{F98B4244-518B-4D7F-9D92-967640359AB3}.Release|iPhone.ActiveCfg = Release|Any CPU
		{F98B4244-518B-4D7F-9D92-967640359AB3}.Release|iPhoneSimulator.ActiveCfg = Release|Any CPU
		{F98B4244-518B-4D7F-9D92-967640359AB3}.Release|Mixed Platforms.ActiveCfg = Release|Any CPU
		{F98B4244-518B-4D7F-9D92-967640359AB3}.Release|Mixed Platforms.Build.0 = Release|Any CPU
		{5AEE62B7-F07B-41C3-8BD8-721BC21F05E3}.Ad-Hoc|Any CPU.ActiveCfg = Release|Any CPU
		{5AEE62B7-F07B-41C3-8BD8-721BC21F05E3}.Ad-Hoc|Any CPU.Build.0 = Release|Any CPU
		{5AEE62B7-F07B-41C3-8BD8-721BC21F05E3}.Ad-Hoc|iPhone.ActiveCfg = Release|Any CPU
		{5AEE62B7-F07B-41C3-8BD8-721BC21F05E3}.Ad-Hoc|iPhoneSimulator.ActiveCfg = Release|Any CPU
		{5AEE62B7-F07B-41C3-8BD8-721BC21F05E3}.Ad-Hoc|Mixed Platforms.ActiveCfg = Release|Any CPU
		{5AEE62B7-F07B-41C3-8BD8-721BC21F05E3}.Ad-Hoc|Mixed Platforms.Build.0 = Release|Any CPU
		{5AEE62B7-F07B-41C3-8BD8-721BC21F05E3}.AppStore|Any CPU.ActiveCfg = Release|Any CPU
		{5AEE62B7-F07B-41C3-8BD8-721BC21F05E3}.AppStore|Any CPU.Build.0 = Release|Any CPU
		{5AEE62B7-F07B-41C3-8BD8-721BC21F05E3}.AppStore|iPhone.ActiveCfg = Release|Any CPU
		{5AEE62B7-F07B-41C3-8BD8-721BC21F05E3}.AppStore|iPhoneSimulator.ActiveCfg = Release|Any CPU
		{5AEE62B7-F07B-41C3-8BD8-721BC21F05E3}.AppStore|Mixed Platforms.ActiveCfg = Release|Any CPU
		{5AEE62B7-F07B-41C3-8BD8-721BC21F05E3}.AppStore|Mixed Platforms.Build.0 = Release|Any CPU
		{5AEE62B7-F07B-41C3-8BD8-721BC21F05E3}.Debug|Any CPU.ActiveCfg = Debug|Any CPU
		{5AEE62B7-F07B-41C3-8BD8-721BC21F05E3}.Debug|Any CPU.Build.0 = Debug|Any CPU
		{5AEE62B7-F07B-41C3-8BD8-721BC21F05E3}.Debug|iPhone.ActiveCfg = Debug|Any CPU
		{5AEE62B7-F07B-41C3-8BD8-721BC21F05E3}.Debug|iPhoneSimulator.ActiveCfg = Debug|Any CPU
		{5AEE62B7-F07B-41C3-8BD8-721BC21F05E3}.Debug|Mixed Platforms.ActiveCfg = Debug|Any CPU
		{5AEE62B7-F07B-41C3-8BD8-721BC21F05E3}.Debug|Mixed Platforms.Build.0 = Debug|Any CPU
		{5AEE62B7-F07B-41C3-8BD8-721BC21F05E3}.Release|Any CPU.ActiveCfg = Release|Any CPU
		{5AEE62B7-F07B-41C3-8BD8-721BC21F05E3}.Release|Any CPU.Build.0 = Release|Any CPU
		{5AEE62B7-F07B-41C3-8BD8-721BC21F05E3}.Release|iPhone.ActiveCfg = Release|Any CPU
		{5AEE62B7-F07B-41C3-8BD8-721BC21F05E3}.Release|iPhoneSimulator.ActiveCfg = Release|Any CPU
		{5AEE62B7-F07B-41C3-8BD8-721BC21F05E3}.Release|Mixed Platforms.ActiveCfg = Release|Any CPU
		{5AEE62B7-F07B-41C3-8BD8-721BC21F05E3}.Release|Mixed Platforms.Build.0 = Release|Any CPU
		{4537D704-8F30-4ABA-BC86-3AA24DCC38EB}.Ad-Hoc|Any CPU.ActiveCfg = Release|Any CPU
		{4537D704-8F30-4ABA-BC86-3AA24DCC38EB}.Ad-Hoc|Any CPU.Build.0 = Release|Any CPU
		{4537D704-8F30-4ABA-BC86-3AA24DCC38EB}.Ad-Hoc|iPhone.ActiveCfg = Release|Any CPU
		{4537D704-8F30-4ABA-BC86-3AA24DCC38EB}.Ad-Hoc|iPhoneSimulator.ActiveCfg = Release|Any CPU
		{4537D704-8F30-4ABA-BC86-3AA24DCC38EB}.Ad-Hoc|Mixed Platforms.ActiveCfg = Release|Any CPU
		{4537D704-8F30-4ABA-BC86-3AA24DCC38EB}.Ad-Hoc|Mixed Platforms.Build.0 = Release|Any CPU
		{4537D704-8F30-4ABA-BC86-3AA24DCC38EB}.AppStore|Any CPU.ActiveCfg = Release|Any CPU
		{4537D704-8F30-4ABA-BC86-3AA24DCC38EB}.AppStore|Any CPU.Build.0 = Release|Any CPU
		{4537D704-8F30-4ABA-BC86-3AA24DCC38EB}.AppStore|iPhone.ActiveCfg = Release|Any CPU
		{4537D704-8F30-4ABA-BC86-3AA24DCC38EB}.AppStore|iPhoneSimulator.ActiveCfg = Release|Any CPU
		{4537D704-8F30-4ABA-BC86-3AA24DCC38EB}.AppStore|Mixed Platforms.ActiveCfg = Release|Any CPU
		{4537D704-8F30-4ABA-BC86-3AA24DCC38EB}.AppStore|Mixed Platforms.Build.0 = Release|Any CPU
		{4537D704-8F30-4ABA-BC86-3AA24DCC38EB}.Debug|Any CPU.ActiveCfg = Debug|Any CPU
		{4537D704-8F30-4ABA-BC86-3AA24DCC38EB}.Debug|Any CPU.Build.0 = Debug|Any CPU
		{4537D704-8F30-4ABA-BC86-3AA24DCC38EB}.Debug|iPhone.ActiveCfg = Debug|Any CPU
		{4537D704-8F30-4ABA-BC86-3AA24DCC38EB}.Debug|iPhoneSimulator.ActiveCfg = Debug|Any CPU
		{4537D704-8F30-4ABA-BC86-3AA24DCC38EB}.Debug|Mixed Platforms.ActiveCfg = Debug|Any CPU
		{4537D704-8F30-4ABA-BC86-3AA24DCC38EB}.Debug|Mixed Platforms.Build.0 = Debug|Any CPU
		{4537D704-8F30-4ABA-BC86-3AA24DCC38EB}.Release|Any CPU.ActiveCfg = Release|Any CPU
		{4537D704-8F30-4ABA-BC86-3AA24DCC38EB}.Release|Any CPU.Build.0 = Release|Any CPU
		{4537D704-8F30-4ABA-BC86-3AA24DCC38EB}.Release|iPhone.ActiveCfg = Release|Any CPU
		{4537D704-8F30-4ABA-BC86-3AA24DCC38EB}.Release|iPhoneSimulator.ActiveCfg = Release|Any CPU
		{4537D704-8F30-4ABA-BC86-3AA24DCC38EB}.Release|Mixed Platforms.ActiveCfg = Release|Any CPU
		{4537D704-8F30-4ABA-BC86-3AA24DCC38EB}.Release|Mixed Platforms.Build.0 = Release|Any CPU
	EndGlobalSection
	GlobalSection(SolutionProperties) = preSolution
		HideSolutionNode = FALSE
	EndGlobalSection
EndGlobal
